// !$*UTF8*$!
{
	archiveVersion = 1;
	classes = {
	};
	objectVersion = 56;
	objects = {

/* Begin PBXBuildFile section */
		D11358BD2B01CF05009EDB2D /* AppDelegate.swift in Sources */ = {isa = PBXBuildFile; fileRef = D11358BC2B01CF05009EDB2D /* AppDelegate.swift */; };
		D11358BF2B01CF05009EDB2D /* SceneDelegate.swift in Sources */ = {isa = PBXBuildFile; fileRef = D11358BE2B01CF05009EDB2D /* SceneDelegate.swift */; };
		D11358C42B01CF05009EDB2D /* Main.storyboard in Resources */ = {isa = PBXBuildFile; fileRef = D11358C22B01CF05009EDB2D /* Main.storyboard */; };
		D11358C62B01CF06009EDB2D /* Assets.xcassets in Resources */ = {isa = PBXBuildFile; fileRef = D11358C52B01CF06009EDB2D /* Assets.xcassets */; };
		D11358C92B01CF06009EDB2D /* LaunchScreen.storyboard in Resources */ = {isa = PBXBuildFile; fileRef = D11358C72B01CF06009EDB2D /* LaunchScreen.storyboard */; };
		D11358D12B01CF4F009EDB2D /* ColorTableVC.swift in Sources */ = {isa = PBXBuildFile; fileRef = D11358D02B01CF4F009EDB2D /* ColorTableVC.swift */; };
		D11358D32B01DAC5009EDB2D /* ColorsDetailVC.swift in Sources */ = {isa = PBXBuildFile; fileRef = D11358D22B01DAC5009EDB2D /* ColorsDetailVC.swift */; };
		D1C9389B2B020C0A004782EA /* UIColor+Ext.swift in Sources */ = {isa = PBXBuildFile; fileRef = D1C9389A2B020C0A004782EA /* UIColor+Ext.swift */; };
/* End PBXBuildFile section */

/* Begin PBXFileReference section */
		D11358B92B01CF05009EDB2D /* RandomColors-Stotyboard.app */ = {isa = PBXFileReference; explicitFileType = wrapper.application; includeInIndex = 0; path = "RandomColors-Stotyboard.app"; sourceTree = BUILT_PRODUCTS_DIR; };
		D11358BC2B01CF05009EDB2D /* AppDelegate.swift */ = {isa = PBXFileReference; lastKnownFileType = sourcecode.swift; path = AppDelegate.swift; sourceTree = "<group>"; };
		D11358BE2B01CF05009EDB2D /* SceneDelegate.swift */ = {isa = PBXFileReference; lastKnownFileType = sourcecode.swift; path = SceneDelegate.swift; sourceTree = "<group>"; };
		D11358C32B01CF05009EDB2D /* Base */ = {isa = PBXFileReference; lastKnownFileType = file.storyboard; name = Base; path = Base.lproj/Main.storyboard; sourceTree = "<group>"; };
		D11358C52B01CF06009EDB2D /* Assets.xcassets */ = {isa = PBXFileReference; lastKnownFileType = folder.assetcatalog; path = Assets.xcassets; sourceTree = "<group>"; };
		D11358C82B01CF06009EDB2D /* Base */ = {isa = PBXFileReference; lastKnownFileType = file.storyboard; name = Base; path = Base.lproj/LaunchScreen.storyboard; sourceTree = "<group>"; };
		D11358CA2B01CF06009EDB2D /* Info.plist */ = {isa = PBXFileReference; lastKnownFileType = text.plist.xml; path = Info.plist; sourceTree = "<group>"; };
		D11358D02B01CF4F009EDB2D /* ColorTableVC.swift */ = {isa = PBXFileReference; lastKnownFileType = sourcecode.swift; path = ColorTableVC.swift; sourceTree = "<group>"; };
		D11358D22B01DAC5009EDB2D /* ColorsDetailVC.swift */ = {isa = PBXFileReference; lastKnownFileType = sourcecode.swift; path = ColorsDetailVC.swift; sourceTree = "<group>"; };
		D1C9389A2B020C0A004782EA /* UIColor+Ext.swift */ = {isa = PBXFileReference; lastKnownFileType = sourcecode.swift; path = "UIColor+Ext.swift"; sourceTree = "<group>"; };
/* End PBXFileReference section */

/* Begin PBXFrameworksBuildPhase section */
		D11358B62B01CF05009EDB2D /* Frameworks */ = {
			isa = PBXFrameworksBuildPhase;
			buildActionMask = 2147483647;
			files = (
			);
			runOnlyForDeploymentPostprocessing = 0;
		};
/* End PBXFrameworksBuildPhase section */

/* Begin PBXGroup section */
		D11358B02B01CF05009EDB2D = {
			isa = PBXGroup;
			children = (
				D11358BB2B01CF05009EDB2D /* RandomColors-Stotyboard */,
				D11358BA2B01CF05009EDB2D /* Products */,
			);
			sourceTree = "<group>";
		};
		D11358BA2B01CF05009EDB2D /* Products */ = {
			isa = PBXGroup;
			children = (
				D11358B92B01CF05009EDB2D /* RandomColors-Stotyboard.app */,
			);
			name = Products;
			sourceTree = "<group>";
		};
		D11358BB2B01CF05009EDB2D /* RandomColors-Stotyboard */ = {
			isa = PBXGroup;
			children = (
				D11358BC2B01CF05009EDB2D /* AppDelegate.swift */,
				D11358BE2B01CF05009EDB2D /* SceneDelegate.swift */,
				D11358C22B01CF05009EDB2D /* Main.storyboard */,
				D11358D02B01CF4F009EDB2D /* ColorTableVC.swift */,
				D11358D22B01DAC5009EDB2D /* ColorsDetailVC.swift */,
				D11358C52B01CF06009EDB2D /* Assets.xcassets */,
				D11358C72B01CF06009EDB2D /* LaunchScreen.storyboard */,
				D11358CA2B01CF06009EDB2D /* Info.plist */,
				D1C9389A2B020C0A004782EA /* UIColor+Ext.swift */,
			);
			path = "RandomColors-Stotyboard";
			sourceTree = "<group>";
		};
/* End PBXGroup section */

/* Begin PBXNativeTarget section */
		D11358B82B01CF05009EDB2D /* RandomColors-Stotyboard */ = {
			isa = PBXNativeTarget;
			buildConfigurationList = D11358CD2B01CF07009EDB2D /* Build configuration list for PBXNativeTarget "RandomColors-Stotyboard" */;
			buildPhases = (
				D11358B52B01CF05009EDB2D /* Sources */,
				D11358B62B01CF05009EDB2D /* Frameworks */,
				D11358B72B01CF05009EDB2D /* Resources */,
			);
			buildRules = (
			);
			dependencies = (
			);
			name = "RandomColors-Stotyboard";
			productName = "RandomColors-Stotyboard";
			productReference = D11358B92B01CF05009EDB2D /* RandomColors-Stotyboard.app */;
			productType = "com.apple.product-type.application";
		};
/* End PBXNativeTarget section */

/* Begin PBXProject section */
		D11358B12B01CF05009EDB2D /* Project object */ = {
			isa = PBXProject;
			attributes = {
				BuildIndependentTargetsInParallel = 1;
				LastSwiftUpdateCheck = 1500;
				LastUpgradeCheck = 1500;
				TargetAttributes = {
					D11358B82B01CF05009EDB2D = {
						CreatedOnToolsVersion = 15.0.1;
					};
				};
			};
			buildConfigurationList = D11358B42B01CF05009EDB2D /* Build configuration list for PBXProject "RandomColors-Stotyboard" */;
			compatibilityVersion = "Xcode 14.0";
			developmentRegion = en;
			hasScannedForEncodings = 0;
			knownRegions = (
				en,
				Base,
			);
			mainGroup = D11358B02B01CF05009EDB2D;
			productRefGroup = D11358BA2B01CF05009EDB2D /* Products */;
			projectDirPath = "";
			projectRoot = "";
			targets = (
				D11358B82B01CF05009EDB2D /* RandomColors-Stotyboard */,
			);
		};
/* End PBXProject section */

/* Begin PBXResourcesBuildPhase section */
		D11358B72B01CF05009EDB2D /* Resources */ = {
			isa = PBXResourcesBuildPhase;
			buildActionMask = 2147483647;
			files = (
				D11358C92B01CF06009EDB2D /* LaunchScreen.storyboard in Resources */,
				D11358C62B01CF06009EDB2D /* Assets.xcassets in Resources */,
				D11358C42B01CF05009EDB2D /* Main.storyboard in Resources */,
			);
			runOnlyForDeploymentPostprocessing = 0;
		};
/* End PBXResourcesBuildPhase section */

/* Begin PBXSourcesBuildPhase section */
		D11358B52B01CF05009EDB2D /* Sources */ = {
			isa = PBXSourcesBuildPhase;
			buildActionMask = 2147483647;
			files = (
				D11358BD2B01CF05009EDB2D /* AppDelegate.swift in Sources */,
				D11358D32B01DAC5009EDB2D /* ColorsDetailVC.swift in Sources */,
				D1C9389B2B020C0A004782EA /* UIColor+Ext.swift in Sources */,
				D11358BF2B01CF05009EDB2D /* SceneDelegate.swift in Sources */,
				D11358D12B01CF4F009EDB2D /* ColorTableVC.swift in Sources */,
			);
			runOnlyForDeploymentPostprocessing = 0;
		};
/* End PBXSourcesBuildPhase section */

/* Begin PBXVariantGroup section */
		D11358C22B01CF05009EDB2D /* Main.storyboard */ = {
			isa = PBXVariantGroup;
			children = (
				D11358C32B01CF05009EDB2D /* Base */,
			);
			name = Main.storyboard;
			sourceTree = "<group>";
		};
		D11358C72B01CF06009EDB2D /* LaunchScreen.storyboard */ = {
			isa = PBXVariantGroup;
			children = (
				D11358C82B01CF06009EDB2D /* Base */,
			);
			name = LaunchScreen.storyboard;
			sourceTree = "<group>";
		};
/* End PBXVariantGroup section */

/* Begin XCBuildConfiguration section */
		D11358CB2B01CF07009EDB2D /* Debug */ = {
			isa = XCBuildConfiguration;
			buildSettings = {
				ALWAYS_SEARCH_USER_PATHS = NO;
				ASSETCATALOG_COMPILER_GENERATE_SWIFT_ASSET_SYMBOL_EXTENSIONS = YES;
				CLANG_ANALYZER_NONNULL = YES;
				CLANG_ANALYZER_NUMBER_OBJECT_CONVERSION = YES_AGGRESSIVE;
				CLANG_CXX_LANGUAGE_STANDARD = "gnu++20";
				CLANG_ENABLE_MODULES = YES;
				CLANG_ENABLE_OBJC_ARC = YES;
				CLANG_ENABLE_OBJC_WEAK = YES;
				CLANG_WARN_BLOCK_CAPTURE_AUTORELEASING = YES;
				CLANG_WARN_BOOL_CONVERSION = YES;
				CLANG_WARN_COMMA = YES;
				CLANG_WARN_CONSTANT_CONVERSION = YES;
				CLANG_WARN_DEPRECATED_OBJC_IMPLEMENTATIONS = YES;
				CLANG_WARN_DIRECT_OBJC_ISA_USAGE = YES_ERROR;
				CLANG_WARN_DOCUMENTATION_COMMENTS = YES;
				CLANG_WARN_EMPTY_BODY = YES;
				CLANG_WARN_ENUM_CONVERSION = YES;
				CLANG_WARN_INFINITE_RECURSION = YES;
				CLANG_WARN_INT_CONVERSION = YES;
				CLANG_WARN_NON_LITERAL_NULL_CONVERSION = YES;
				CLANG_WARN_OBJC_IMPLICIT_RETAIN_SELF = YES;
				CLANG_WARN_OBJC_LITERAL_CONVERSION = YES;
				CLANG_WARN_OBJC_ROOT_CLASS = YES_ERROR;
				CLANG_WARN_QUOTED_INCLUDE_IN_FRAMEWORK_HEADER = YES;
				CLANG_WARN_RANGE_LOOP_ANALYSIS = YES;
				CLANG_WARN_STRICT_PROTOTYPES = YES;
				CLANG_WARN_SUSPICIOUS_MOVE = YES;
				CLANG_WARN_UNGUARDED_AVAILABILITY = YES_AGGRESSIVE;
				CLANG_WARN_UNREACHABLE_CODE = YES;
				CLANG_WARN__DUPLICATE_METHOD_MATCH = YES;
				COPY_PHASE_STRIP = NO;
				DEBUG_INFORMATION_FORMAT = dwarf;
				ENABLE_STRICT_OBJC_MSGSEND = YES;
				ENABLE_TESTABILITY = YES;
				ENABLE_USER_SCRIPT_SANDBOXING = YES;
				GCC_C_LANGUAGE_STANDARD = gnu17;
				GCC_DYNAMIC_NO_PIC = NO;
				GCC_NO_COMMON_BLOCKS = YES;
				GCC_OPTIMIZATION_LEVEL = 0;
				GCC_PREPROCESSOR_DEFINITIONS = (
					"DEBUG=1",
					"$(inherited)",
				);
				GCC_WARN_64_TO_32_BIT_CONVERSION = YES;
				GCC_WARN_ABOUT_RETURN_TYPE = YES_ERROR;
				GCC_WARN_UNDECLARED_SELECTOR = YES;
				GCC_WARN_UNINITIALIZED_AUTOS = YES_AGGRESSIVE;
				GCC_WARN_UNUSED_FUNCTION = YES;
				GCC_WARN_UNUSED_VARIABLE = YES;
				IPHONEOS_DEPLOYMENT_TARGET = 17.0;
				LOCALIZATION_PREFERS_STRING_CATALOGS = YES;
				MTL_ENABLE_DEBUG_INFO = INCLUDE_SOURCE;
				MTL_FAST_MATH = YES;
				ONLY_ACTIVE_ARCH = YES;
				SDKROOT = iphoneos;
				SWIFT_ACTIVE_COMPILATION_CONDITIONS = "DEBUG $(inherited)";
				SWIFT_OPTIMIZATION_LEVEL = "-Onone";
			};
			name = Debug;
		};
		D11358CC2B01CF07009EDB2D /* Release */ = {
			isa = XCBuildConfiguration;
			buildSettings = {
				ALWAYS_SEARCH_USER_PATHS = NO;
				ASSETCATALOG_COMPILER_GENERATE_SWIFT_ASSET_SYMBOL_EXTENSIONS = YES;
				CLANG_ANALYZER_NONNULL = YES;
				CLANG_ANALYZER_NUMBER_OBJECT_CONVERSION = YES_AGGRESSIVE;
				CLANG_CXX_LANGUAGE_STANDARD = "gnu++20";
				CLANG_ENABLE_MODULES = YES;
				CLANG_ENABLE_OBJC_ARC = YES;
				CLANG_ENABLE_OBJC_WEAK = YES;
				CLANG_WARN_BLOCK_CAPTURE_AUTORELEASING = YES;
				CLANG_WARN_BOOL_CONVERSION = YES;
				CLANG_WARN_COMMA = YES;
				CLANG_WARN_CONSTANT_CONVERSION = YES;
				CLANG_WARN_DEPRECATED_OBJC_IMPLEMENTATIONS = YES;
				CLANG_WARN_DIRECT_OBJC_ISA_USAGE = YES_ERROR;
				CLANG_WARN_DOCUMENTATION_COMMENTS = YES;
				CLANG_WARN_EMPTY_BODY = YES;
				CLANG_WARN_ENUM_CONVERSION = YES;
				CLANG_WARN_INFINITE_RECURSION = YES;
				CLANG_WARN_INT_CONVERSION = YES;
				CLANG_WARN_NON_LITERAL_NULL_CONVERSION = YES;
				CLANG_WARN_OBJC_IMPLICIT_RETAIN_SELF = YES;
				CLANG_WARN_OBJC_LITERAL_CONVERSION = YES;
				CLANG_WARN_OBJC_ROOT_CLASS = YES_ERROR;
				CLANG_WARN_QUOTED_INCLUDE_IN_FRAMEWORK_HEADER = YES;
				CLANG_WARN_RANGE_LOOP_ANALYSIS = YES;
				CLANG_WARN_STRICT_PROTOTYPES = YES;
				CLANG_WARN_SUSPICIOUS_MOVE = YES;
				CLANG_WARN_UNGUARDED_AVAILABILITY = YES_AGGRESSIVE;
				CLANG_WARN_UNREACHABLE_CODE = YES;
				CLANG_WARN__DUPLICATE_METHOD_MATCH = YES;
				COPY_PHASE_STRIP = NO;
				DEBUG_INFORMATION_FORMAT = "dwarf-with-dsym";
				ENABLE_NS_ASSERTIONS = NO;
				ENABLE_STRICT_OBJC_MSGSEND = YES;
				ENABLE_USER_SCRIPT_SANDBOXING = YES;
				GCC_C_LANGUAGE_STANDARD = gnu17;
				GCC_NO_COMMON_BLOCKS = YES;
				GCC_WARN_64_TO_32_BIT_CONVERSION = YES;
				GCC_WARN_ABOUT_RETURN_TYPE = YES_ERROR;
				GCC_WARN_UNDECLARED_SELECTOR = YES;
				GCC_WARN_UNINITIALIZED_AUTOS = YES_AGGRESSIVE;
				GCC_WARN_UNUSED_FUNCTION = YES;
				GCC_WARN_UNUSED_VARIABLE = YES;
				IPHONEOS_DEPLOYMENT_TARGET = 17.0;
				LOCALIZATION_PREFERS_STRING_CATALOGS = YES;
				MTL_ENABLE_DEBUG_INFO = NO;
				MTL_FAST_MATH = YES;
				SDKROOT = iphoneos;
				SWIFT_COMPILATION_MODE = wholemodule;
				VALIDATE_PRODUCT = YES;
			};
			name = Release;
		};
		D11358CE2B01CF07009EDB2D /* Debug */ = {
			isa = XCBuildConfiguration;
			buildSettings = {
				ASSETCATALOG_COMPILER_APPICON_NAME = AppIcon;
				ASSETCATALOG_COMPILER_GLOBAL_ACCENT_COLOR_NAME = AccentColor;
				CODE_SIGN_STYLE = Automatic;
				CURRENT_PROJECT_VERSION = 1;
				GENERATE_INFOPLIST_FILE = YES;
				INFOPLIST_FILE = "RandomColors-Stotyboard/Info.plist";
				INFOPLIST_KEY_UIApplicationSupportsIndirectInputEvents = YES;
				INFOPLIST_KEY_UILaunchStoryboardName = LaunchScreen;
				INFOPLIST_KEY_UIMainStoryboardFile = Main;
				INFOPLIST_KEY_UISupportedInterfaceOrientations_iPad = "UIInterfaceOrientationPortrait UIInterfaceOrientationPortraitUpsideDown UIInterfaceOrientationLandscapeLeft UIInterfaceOrientationLandscapeRight";
				INFOPLIST_KEY_UISupportedInterfaceOrientations_iPhone = "UIInterfaceOrientationPortrait UIInterfaceOrientationLandscapeLeft UIInterfaceOrientationLandscapeRight";
				LD_RUNPATH_SEARCH_PATHS = (
					"$(inherited)",
					"@executable_path/Frameworks",
				);
				MARKETING_VERSION = 1.0;
				PRODUCT_BUNDLE_IDENTIFIER = "com.example.RandomColors-Stotyboard";
				PRODUCT_NAME = "$(TARGET_NAME)";
				SWIFT_EMIT_LOC_STRINGS = YES;
				SWIFT_VERSION = 5.0;
				TARGETED_DEVICE_FAMILY = "1,2";
			};
			name = Debug;
		};
		D11358CF2B01CF07009EDB2D /* Release */ = {
			isa = XCBuildConfiguration;
			buildSettings = {
				ASSETCATALOG_COMPILER_APPICON_NAME = AppIcon;
				ASSETCATALOG_COMPILER_GLOBAL_ACCENT_COLOR_NAME = AccentColor;
				CODE_SIGN_STYLE = Automatic;
				CURRENT_PROJECT_VERSION = 1;
				GENERATE_INFOPLIST_FILE = YES;
				INFOPLIST_FILE = "RandomColors-Stotyboard/Info.plist";
				INFOPLIST_KEY_UIApplicationSupportsIndirectInputEvents = YES;
				INFOPLIST_KEY_UILaunchStoryboardName = LaunchScreen;
				INFOPLIST_KEY_UIMainStoryboardFile = Main;
				INFOPLIST_KEY_UISupportedInterfaceOrientations_iPad = "UIInterfaceOrientationPortrait UIInterfaceOrientationPortraitUpsideDown UIInterfaceOrientationLandscapeLeft UIInterfaceOrientationLandscapeRight";
				INFOPLIST_KEY_UISupportedInterfaceOrientations_iPhone = "UIInterfaceOrientationPortrait UIInterfaceOrientationLandscapeLeft UIInterfaceOrientationLandscapeRight";
				LD_RUNPATH_SEARCH_PATHS = (
					"$(inherited)",
					"@executable_path/Frameworks",
				);
				MARKETING_VERSION = 1.0;
				PRODUCT_BUNDLE_IDENTIFIER = "com.example.RandomColors-Stotyboard";
				PRODUCT_NAME = "$(TARGET_NAME)";
				SWIFT_EMIT_LOC_STRINGS = YES;
				SWIFT_VERSION = 5.0;
				TARGETED_DEVICE_FAMILY = "1,2";
			};
			name = Release;
		};
/* End XCBuildConfiguration section */

/* Begin XCConfigurationList section */
		D11358B42B01CF05009EDB2D /* Build configuration list for PBXProject "RandomColors-Stotyboard" */ = {
			isa = XCConfigurationList;
			buildConfigurations = (
				D11358CB2B01CF07009EDB2D /* Debug */,
				D11358CC2B01CF07009EDB2D /* Release */,
			);
			defaultConfigurationIsVisible = 0;
			defaultConfigurationName = Release;
		};
		D11358CD2B01CF07009EDB2D /* Build configuration list for PBXNativeTarget "RandomColors-Stotyboard" */ = {
			isa = XCConfigurationList;
			buildConfigurations = (
				D11358CE2B01CF07009EDB2D /* Debug */,
				D11358CF2B01CF07009EDB2D /* Release */,
			);
			defaultConfigurationIsVisible = 0;
			defaultConfigurationName = Release;
		};
/* End XCConfigurationList section */
	};
	rootObject = D11358B12B01CF05009EDB2D /* Project object */;
}
